
Microsoft Visual Studio Solution File, Format Version 12.00
# Visual Studio Version 17
VisualStudioVersion = 17.3.32825.248
MinimumVisualStudioVersion = 10.0.40219.1
Project("{9A19103F-16F7-4668-BE54-9A1E7A4F7556}") = "electionData", "api\electionData.csproj", "{88719819-9999-4705-ACFC-5DBFE6998523}"
EndProject
Project("{9A19103F-16F7-4668-BE54-9A1E7A4F7556}") = "web", "web\web.csproj", "{F0C808D5-342A-4FF7-9928-9404E0813E8C}"
EndProject
Project("{FAE04EC0-301F-11D3-BF4B-00C04F79EFBC}") = "Shared", "Shared\Shared.csproj", "{2073B3EB-0A89-4538-9F88-226D4E26000D}"
EndProject
Global
	GlobalSection(SolutionConfigurationPlatforms) = preSolution
		Debug|Any CPU = Debug|Any CPU
		Release|Any CPU = Release|Any CPU
	EndGlobalSection
	GlobalSection(ProjectConfigurationPlatforms) = postSolution
		{88719819-9999-4705-ACFC-5DBFE6998523}.Debug|Any CPU.ActiveCfg = Debug|Any CPU
		{88719819-9999-4705-ACFC-5DBFE6998523}.Debug|Any CPU.Build.0 = Debug|Any CPU
		{88719819-9999-4705-ACFC-5DBFE6998523}.Release|Any CPU.ActiveCfg = Release|Any CPU
		{88719819-9999-4705-ACFC-5DBFE6998523}.Release|Any CPU.Build.0 = Release|Any CPU
		{F0C808D5-342A-4FF7-9928-9404E0813E8C}.Debug|Any CPU.ActiveCfg = Debug|Any CPU
		{F0C808D5-342A-4FF7-9928-9404E0813E8C}.Debug|Any CPU.Build.0 = Debug|Any CPU
		{F0C808D5-342A-4FF7-9928-9404E0813E8C}.Release|Any CPU.ActiveCfg = Release|Any CPU
		{F0C808D5-342A-4FF7-9928-9404E0813E8C}.Release|Any CPU.Build.0 = Release|Any CPU
		{2073B3EB-0A89-4538-9F88-226D4E26000D}.Debug|Any CPU.ActiveCfg = Debug|Any CPU
		{2073B3EB-0A89-4538-9F88-226D4E26000D}.Debug|Any CPU.Build.0 = Debug|Any CPU
		{2073B3EB-0A89-4538-9F88-226D4E26000D}.Release|Any CPU.ActiveCfg = Release|Any CPU
		{2073B3EB-0A89-4538-9F88-226D4E26000D}.Release|Any CPU.Build.0 = Release|Any CPU
	EndGlobalSection
	GlobalSection(SolutionProperties) = preSolution
		HideSolutionNode = FALSE
	EndGlobalSection
	GlobalSection(ExtensibilityGlobals) = postSolution
		SolutionGuid = {F6CC669E-18BF-43E1-812D-538908B48BB8}
	EndGlobalSection
EndGlobal
